Microsoft Visual Studio Solution File, Format Version 12.00
# Visual Studio Version 17
VisualStudioVersion = 17.0.31903.59
MinimumVisualStudioVersion = 10.0.40219.1
Project("{2150E333-8FDC-42A3-9474-1A3956D46DE8}") = "src", "src", "{8BC9CEB8-8B4A-11D0-8D11-00A0C91BC942}"
EndProject
Project("{2150E333-8FDC-42A3-9474-1A3956D46DE8}") = "tests", "tests", "{8BC9CEB8-8B4A-11D0-8D11-00A0C91BC943}"
EndProject
Project("{9A19103F-16F7-4668-BE54-9A1E7A4F7556}") = "AzureCostAnalytics.Functions", "src\AzureCostAnalytics.Functions\AzureCostAnalytics.Functions.csproj", "{8BC9CEB8-8B4A-11D0-8D11-00A0C91BC944}"
EndProject
Project("{9A19103F-16F7-4668-BE54-9A1E7A4F7556}") = "AzureCostAnalytics.Core", "src\AzureCostAnalytics.Core\AzureCostAnalytics.Core.csproj", "{8BC9CEB8-8B4A-11D0-8D11-00A0C91BC945}"
EndProject
Project("{9A19103F-16F7-4668-BE54-9A1E7A4F7556}") = "AzureCostAnalytics.Tests", "tests\AzureCostAnalytics.Tests\AzureCostAnalytics.Tests.csproj", "{8BC9CEB8-8B4A-11D0-8D11-00A0C91BC946}"
EndProject
Global
	GlobalSection(SolutionConfigurationPlatforms) = preSolution
		Debug|Any CPU = Debug|Any CPU
		Release|Any CPU = Release|Any CPU
	EndGlobalSection
	GlobalSection(ProjectConfigurationPlatforms) = postSolution
		{8BC9CEB8-8B4A-11D0-8D11-00A0C91BC944}.Debug|Any CPU.ActiveCfg = Debug|Any CPU
		{8BC9CEB8-8B4A-11D0-8D11-00A0C91BC944}.Debug|Any CPU.Build.0 = Debug|Any CPU
		{8BC9CEB8-8B4A-11D0-8D11-00A0C91BC944}.Release|Any CPU.ActiveCfg = Release|Any CPU
		{8BC9CEB8-8B4A-11D0-8D11-00A0C91BC944}.Release|Any CPU.Build.0 = Release|Any CPU
		{8BC9CEB8-8B4A-11D0-8D11-00A0C91BC945}.Debug|Any CPU.ActiveCfg = Debug|Any CPU
		{8BC9CEB8-8B4A-11D0-8D11-00A0C91BC945}.Debug|Any CPU.Build.0 = Debug|Any CPU
		{8BC9CEB8-8B4A-11D0-8D11-00A0C91BC945}.Release|Any CPU.ActiveCfg = Release|Any CPU
		{8BC9CEB8-8B4A-11D0-8D11-00A0C91BC945}.Release|Any CPU.Build.0 = Release|Any CPU
		{8BC9CEB8-8B4A-11D0-8D11-00A0C91BC946}.Debug|Any CPU.ActiveCfg = Debug|Any CPU
		{8BC9CEB8-8B4A-11D0-8D11-00A0C91BC946}.Debug|Any CPU.Build.0 = Debug|Any CPU
		{8BC9CEB8-8B4A-11D0-8D11-00A0C91BC946}.Release|Any CPU.ActiveCfg = Release|Any CPU
		{8BC9CEB8-8B4A-11D0-8D11-00A0C91BC946}.Release|Any CPU.Build.0 = Release|Any CPU
	EndGlobalSection
	GlobalSection(SolutionProperties) = preSolution
		HideSolutionNode = FALSE
	EndGlobalSection
	GlobalSection(ExtensibilityGlobals) = postSolution
		SolutionGuid = {8BC9CEB8-8B4A-11D0-8D11-00A0C91BC947}
	EndGlobalSection
EndGlobal
